# This file is automatically @generated by Poetry and should not be changed by hand.

[[package]]
name = "asgiref"
version = "3.6.0"
description = "ASGI specs, helper code, and adapters"
category = "main"
optional = false
python-versions = ">=3.7"
files = [
    {file = "asgiref-3.6.0-py3-none-any.whl", hash = "sha256:71e68008da809b957b7ee4b43dbccff33d1b23519fb8344e33f049897077afac"},
    {file = "asgiref-3.6.0.tar.gz", hash = "sha256:9567dfe7bd8d3c8c892227827c41cce860b368104c3431da67a0c5a65a949506"},
]

[package.extras]
tests = ["mypy (>=0.800)", "pytest", "pytest-asyncio"]

[[package]]
name = "beautifulsoup4"
version = "4.11.1"
description = "Screen-scraping library"
category = "main"
optional = false
python-versions = ">=3.6.0"
files = [
    {file = "beautifulsoup4-4.11.1-py3-none-any.whl", hash = "sha256:58d5c3d29f5a36ffeb94f02f0d786cd53014cf9b3b3951d42e0080d8a9498d30"},
    {file = "beautifulsoup4-4.11.1.tar.gz", hash = "sha256:ad9aa55b65ef2808eb405f46cf74df7fcb7044d5cbc26487f96eb2ef2e436693"},
]

[package.dependencies]
soupsieve = ">1.2"

[package.extras]
html5lib = ["html5lib"]
lxml = ["lxml"]

[[package]]
name = "dj-database-url"
version = "1.2.0"
description = "Use Database URLs in your Django Application."
category = "main"
optional = false
python-versions = "*"
files = [
    {file = "dj-database-url-1.2.0.tar.gz", hash = "sha256:b23b15046cb38180e0c95207bcc90fe5e9dbde8eef16065907dd85cf4ca7036c"},
    {file = "dj_database_url-1.2.0-py3-none-any.whl", hash = "sha256:5c2993b91801c0f78a8b19e642b497b90831124cbade0c265900d4c1037b4730"},
]

[package.dependencies]
Django = ">=3.2"

[[package]]
name = "django"
version = "4.1.5"
description = "A high-level Python web framework that encourages rapid development and clean, pragmatic design."
category = "main"
optional = false
python-versions = ">=3.8"
files = [
    {file = "Django-4.1.5-py3-none-any.whl", hash = "sha256:4b214a05fe4c99476e99e2445c8b978c8369c18d4dea8e22ec412862715ad763"},
    {file = "Django-4.1.5.tar.gz", hash = "sha256:ff56ebd7ead0fd5dbe06fe157b0024a7aaea2e0593bb3785fb594cf94dad58ef"},
]

[package.dependencies]
asgiref = ">=3.5.2,<4"
sqlparse = ">=0.2.2"
tzdata = {version = "*", markers = "sys_platform == \"win32\""}

[package.extras]
argon2 = ["argon2-cffi (>=19.1.0)"]
bcrypt = ["bcrypt"]

[[package]]
name = "django-bootstrap4"
version = "22.3"
description = "Bootstrap 4 for Django"
category = "main"
optional = false
python-versions = ">=3.7"
files = [
    {file = "django-bootstrap4-22.3.tar.gz", hash = "sha256:751a7b4196e778286cc5eaa946d1e04741ea10d0b62d2762500f941ef9075dbf"},
    {file = "django_bootstrap4-22.3-py3-none-any.whl", hash = "sha256:c2c09d0ad93c96e85e15e5541089aa567fd51257cf80f142ea5b84bbd34dc18e"},
]

[package.dependencies]
beautifulsoup4 = ">=4.8.0"
Django = ">=3.2"

[[package]]
name = "django-extensions"
version = "3.2.1"
description = "Extensions for Django"
category = "main"
optional = false
python-versions = ">=3.6"
files = [
    {file = "django-extensions-3.2.1.tar.gz", hash = "sha256:2a4f4d757be2563cd1ff7cfdf2e57468f5f931cc88b23cf82ca75717aae504a4"},
    {file = "django_extensions-3.2.1-py3-none-any.whl", hash = "sha256:421464be390289513f86cb5e18eb43e5dc1de8b4c27ba9faa3b91261b0d67e09"},
]

[package.dependencies]
Django = ">=3.2"

[[package]]
name = "python-dotenv"
version = "0.21.0"
description = "Read key-value pairs from a .env file and set them as environment variables"
category = "main"
optional = false
python-versions = ">=3.7"
files = [
    {file = "python-dotenv-0.21.0.tar.gz", hash = "sha256:b77d08274639e3d34145dfa6c7008e66df0f04b7be7a75fd0d5292c191d79045"},
    {file = "python_dotenv-0.21.0-py3-none-any.whl", hash = "sha256:1684eb44636dd462b66c3ee016599815514527ad99965de77f43e0944634a7e5"},
]

[package.extras]
cli = ["click (>=5.0)"]

[[package]]
name = "soupsieve"
version = "2.3.2.post1"
description = "A modern CSS selector implementation for Beautiful Soup."
category = "main"
optional = false
python-versions = ">=3.6"
files = [
    {file = "soupsieve-2.3.2.post1-py3-none-any.whl", hash = "sha256:3b2503d3c7084a42b1ebd08116e5f81aadfaea95863628c80a3b774a11b7c759"},
    {file = "soupsieve-2.3.2.post1.tar.gz", hash = "sha256:fc53893b3da2c33de295667a0e19f078c14bf86544af307354de5fcf12a3f30d"},
]

[[package]]
name = "sqlparse"
version = "0.4.3"
description = "A non-validating SQL parser."
category = "main"
optional = false
python-versions = ">=3.5"
files = [
    {file = "sqlparse-0.4.3-py3-none-any.whl", hash = "sha256:0323c0ec29cd52bceabc1b4d9d579e311f3e4961b98d174201d5622a23b85e34"},
    {file = "sqlparse-0.4.3.tar.gz", hash = "sha256:69ca804846bb114d2ec380e4360a8a340db83f0ccf3afceeb1404df028f57268"},
]

[[package]]
name = "tzdata"
version = "2022.7"
description = "Provider of IANA time zone data"
category = "main"
optional = false
python-versions = ">=2"
files = [
    {file = "tzdata-2022.7-py2.py3-none-any.whl", hash = "sha256:2b88858b0e3120792a3c0635c23daf36a7d7eeeca657c323da299d2094402a0d"},
    {file = "tzdata-2022.7.tar.gz", hash = "sha256:fe5f866eddd8b96e9fcba978f8e503c909b19ea7efda11e52e39494bad3a7bfa"},
]

[metadata]
lock-version = "2.0"
python-versions = "^3.10"
content-hash = "59b61a2c8efe72e382f181b2fbbcbe6233dee05f343360703d414abd30e9c037"
